// !$*UTF8*$!
{
	archiveVersion = 1;
	classes = {
	};
	objectVersion = 46;
	objects = {

/* Begin PBXBuildFile section */
		012666A81DE767250045EF97 /* AppDelegate.swift in Sources */ = {isa = PBXBuildFile; fileRef = 012666A71DE767250045EF97 /* AppDelegate.swift */; };
		012666AD1DE767250045EF97 /* Main.storyboard in Resources */ = {isa = PBXBuildFile; fileRef = 012666AB1DE767250045EF97 /* Main.storyboard */; };
		012666AF1DE767250045EF97 /* Assets.xcassets in Resources */ = {isa = PBXBuildFile; fileRef = 012666AE1DE767250045EF97 /* Assets.xcassets */; };
		012666B21DE767250045EF97 /* LaunchScreen.storyboard in Resources */ = {isa = PBXBuildFile; fileRef = 012666B01DE767250045EF97 /* LaunchScreen.storyboard */; };
		012666BD1DE767250045EF97 /* QuotesTests.swift in Sources */ = {isa = PBXBuildFile; fileRef = 012666BC1DE767250045EF97 /* QuotesTests.swift */; };
		012666C81DE767250045EF97 /* QuotesUITests.swift in Sources */ = {isa = PBXBuildFile; fileRef = 012666C71DE767250045EF97 /* QuotesUITests.swift */; };
		012666D61DE769310045EF97 /* Starscream.framework in Frameworks */ = {isa = PBXBuildFile; fileRef = 012666D51DE769310045EF97 /* Starscream.framework */; };
		012666D71DE769310045EF97 /* Starscream.framework in Embed Frameworks */ = {isa = PBXBuildFile; fileRef = 012666D51DE769310045EF97 /* Starscream.framework */; settings = {ATTRIBUTES = (CodeSignOnCopy, RemoveHeadersOnCopy, ); }; };
		012666DD1DE77C4B0045EF97 /* Symbol.swift in Sources */ = {isa = PBXBuildFile; fileRef = 012666DC1DE77C4B0045EF97 /* Symbol.swift */; };
		012666DF1DE7927A0045EF97 /* Unbox.framework in Frameworks */ = {isa = PBXBuildFile; fileRef = 012666DE1DE7927A0045EF97 /* Unbox.framework */; };
		012666E01DE7927A0045EF97 /* Unbox.framework in Embed Frameworks */ = {isa = PBXBuildFile; fileRef = 012666DE1DE7927A0045EF97 /* Unbox.framework */; settings = {ATTRIBUTES = (CodeSignOnCopy, RemoveHeadersOnCopy, ); }; };
		012666E21DE798B10045EF97 /* SettingsController.swift in Sources */ = {isa = PBXBuildFile; fileRef = 012666E11DE798B10045EF97 /* SettingsController.swift */; };
		012666E41DE79BCA0045EF97 /* StorageService.swift in Sources */ = {isa = PBXBuildFile; fileRef = 012666E31DE79BCA0045EF97 /* StorageService.swift */; };
		012666E61DE79E8B0045EF97 /* StartupService.swift in Sources */ = {isa = PBXBuildFile; fileRef = 012666E51DE79E8B0045EF97 /* StartupService.swift */; };
		012666E81DE832420045EF97 /* SocketManager.swift in Sources */ = {isa = PBXBuildFile; fileRef = 012666E71DE832420045EF97 /* SocketManager.swift */; };
		012666EA1DE832900045EF97 /* SocketListener.swift in Sources */ = {isa = PBXBuildFile; fileRef = 012666E91DE832900045EF97 /* SocketListener.swift */; };
		012666EC1DE833360045EF97 /* SocketRequests.swift in Sources */ = {isa = PBXBuildFile; fileRef = 012666EB1DE833360045EF97 /* SocketRequests.swift */; };
		012666EF1DE833CE0045EF97 /* Tick.swift in Sources */ = {isa = PBXBuildFile; fileRef = 012666EE1DE833CE0045EF97 /* Tick.swift */; };
		012666F41DE834A30045EF97 /* SubscriptionService.swift in Sources */ = {isa = PBXBuildFile; fileRef = 012666F31DE834A30045EF97 /* SubscriptionService.swift */; };
		012666F71DE835070045EF97 /* SocketResponses.swift in Sources */ = {isa = PBXBuildFile; fileRef = 012666F61DE835070045EF97 /* SocketResponses.swift */; };
		012666FB1DE835EF0045EF97 /* ResponseParsers.swift in Sources */ = {isa = PBXBuildFile; fileRef = 012666FA1DE835EF0045EF97 /* ResponseParsers.swift */; };
		012666FD1DE87F910045EF97 /* TicksParser.swift in Sources */ = {isa = PBXBuildFile; fileRef = 012666FC1DE87F900045EF97 /* TicksParser.swift */; };
		012667011DE890A00045EF97 /* TickCell.swift in Sources */ = {isa = PBXBuildFile; fileRef = 012667001DE890A00045EF97 /* TickCell.swift */; };
		012667031DE8938A0045EF97 /* QuotesController.swift in Sources */ = {isa = PBXBuildFile; fileRef = 012667021DE8938A0045EF97 /* QuotesController.swift */; };
		012667051DE89F890045EF97 /* StartupController.swift in Sources */ = {isa = PBXBuildFile; fileRef = 012667041DE89F890045EF97 /* StartupController.swift */; };
		012667091DE8A41E0045EF97 /* SymbolCell.swift in Sources */ = {isa = PBXBuildFile; fileRef = 012667081DE8A41E0045EF97 /* SymbolCell.swift */; };
/* End PBXBuildFile section */

/* Begin PBXContainerItemProxy section */
		012666B91DE767250045EF97 /* PBXContainerItemProxy */ = {
			isa = PBXContainerItemProxy;
			containerPortal = 0126669C1DE767250045EF97 /* Project object */;
			proxyType = 1;
			remoteGlobalIDString = 012666A31DE767250045EF97;
			remoteInfo = Quotes;
		};
		012666C41DE767250045EF97 /* PBXContainerItemProxy */ = {
			isa = PBXContainerItemProxy;
			containerPortal = 0126669C1DE767250045EF97 /* Project object */;
			proxyType = 1;
			remoteGlobalIDString = 012666A31DE767250045EF97;
			remoteInfo = Quotes;
		};
/* End PBXContainerItemProxy section */

/* Begin PBXCopyFilesBuildPhase section */
		012666D81DE769310045EF97 /* Embed Frameworks */ = {
			isa = PBXCopyFilesBuildPhase;
			buildActionMask = 2147483647;
			dstPath = "";
			dstSubfolderSpec = 10;
			files = (
				012666D71DE769310045EF97 /* Starscream.framework in Embed Frameworks */,
				012666E01DE7927A0045EF97 /* Unbox.framework in Embed Frameworks */,
			);
			name = "Embed Frameworks";
			runOnlyForDeploymentPostprocessing = 0;
		};
/* End PBXCopyFilesBuildPhase section */

/* Begin PBXFileReference section */
		012666A41DE767250045EF97 /* Quotes.app */ = {isa = PBXFileReference; explicitFileType = wrapper.application; includeInIndex = 0; path = Quotes.app; sourceTree = BUILT_PRODUCTS_DIR; };
		012666A71DE767250045EF97 /* AppDelegate.swift */ = {isa = PBXFileReference; lastKnownFileType = sourcecode.swift; path = AppDelegate.swift; sourceTree = "<group>"; };
		012666AC1DE767250045EF97 /* Base */ = {isa = PBXFileReference; lastKnownFileType = file.storyboard; name = Base; path = Base.lproj/Main.storyboard; sourceTree = "<group>"; };
		012666AE1DE767250045EF97 /* Assets.xcassets */ = {isa = PBXFileReference; lastKnownFileType = folder.assetcatalog; path = Assets.xcassets; sourceTree = "<group>"; };
		012666B11DE767250045EF97 /* Base */ = {isa = PBXFileReference; lastKnownFileType = file.storyboard; name = Base; path = Base.lproj/LaunchScreen.storyboard; sourceTree = "<group>"; };
		012666B31DE767250045EF97 /* Info.plist */ = {isa = PBXFileReference; lastKnownFileType = text.plist.xml; path = Info.plist; sourceTree = "<group>"; };
		012666B81DE767250045EF97 /* QuotesTests.xctest */ = {isa = PBXFileReference; explicitFileType = wrapper.cfbundle; includeInIndex = 0; path = QuotesTests.xctest; sourceTree = BUILT_PRODUCTS_DIR; };
		012666BC1DE767250045EF97 /* QuotesTests.swift */ = {isa = PBXFileReference; lastKnownFileType = sourcecode.swift; path = QuotesTests.swift; sourceTree = "<group>"; };
		012666BE1DE767250045EF97 /* Info.plist */ = {isa = PBXFileReference; lastKnownFileType = text.plist.xml; path = Info.plist; sourceTree = "<group>"; };
		012666C31DE767250045EF97 /* QuotesUITests.xctest */ = {isa = PBXFileReference; explicitFileType = wrapper.cfbundle; includeInIndex = 0; path = QuotesUITests.xctest; sourceTree = BUILT_PRODUCTS_DIR; };
		012666C71DE767250045EF97 /* QuotesUITests.swift */ = {isa = PBXFileReference; lastKnownFileType = sourcecode.swift; path = QuotesUITests.swift; sourceTree = "<group>"; };
		012666C91DE767250045EF97 /* Info.plist */ = {isa = PBXFileReference; lastKnownFileType = text.plist.xml; path = Info.plist; sourceTree = "<group>"; };
		012666D51DE769310045EF97 /* Starscream.framework */ = {isa = PBXFileReference; lastKnownFileType = wrapper.framework; name = Starscream.framework; path = Carthage/Build/iOS/Starscream.framework; sourceTree = "<group>"; };
		012666DC1DE77C4B0045EF97 /* Symbol.swift */ = {isa = PBXFileReference; fileEncoding = 4; lastKnownFileType = sourcecode.swift; path = Symbol.swift; sourceTree = "<group>"; };
		012666DE1DE7927A0045EF97 /* Unbox.framework */ = {isa = PBXFileReference; lastKnownFileType = wrapper.framework; name = Unbox.framework; path = Carthage/Build/iOS/Unbox.framework; sourceTree = "<group>"; };
		012666E11DE798B10045EF97 /* SettingsController.swift */ = {isa = PBXFileReference; fileEncoding = 4; lastKnownFileType = sourcecode.swift; path = SettingsController.swift; sourceTree = "<group>"; };
		012666E31DE79BCA0045EF97 /* StorageService.swift */ = {isa = PBXFileReference; fileEncoding = 4; lastKnownFileType = sourcecode.swift; path = StorageService.swift; sourceTree = "<group>"; };
		012666E51DE79E8B0045EF97 /* StartupService.swift */ = {isa = PBXFileReference; fileEncoding = 4; lastKnownFileType = sourcecode.swift; path = StartupService.swift; sourceTree = "<group>"; };
		012666E71DE832420045EF97 /* SocketManager.swift */ = {isa = PBXFileReference; fileEncoding = 4; lastKnownFileType = sourcecode.swift; path = SocketManager.swift; sourceTree = "<group>"; };
		012666E91DE832900045EF97 /* SocketListener.swift */ = {isa = PBXFileReference; fileEncoding = 4; lastKnownFileType = sourcecode.swift; path = SocketListener.swift; sourceTree = "<group>"; };
		012666EB1DE833360045EF97 /* SocketRequests.swift */ = {isa = PBXFileReference; fileEncoding = 4; lastKnownFileType = sourcecode.swift; path = SocketRequests.swift; sourceTree = "<group>"; };
		012666EE1DE833CE0045EF97 /* Tick.swift */ = {isa = PBXFileReference; fileEncoding = 4; lastKnownFileType = sourcecode.swift; path = Tick.swift; sourceTree = "<group>"; };
		012666F31DE834A30045EF97 /* SubscriptionService.swift */ = {isa = PBXFileReference; fileEncoding = 4; lastKnownFileType = sourcecode.swift; path = SubscriptionService.swift; sourceTree = "<group>"; };
		012666F61DE835070045EF97 /* SocketResponses.swift */ = {isa = PBXFileReference; fileEncoding = 4; lastKnownFileType = sourcecode.swift; path = SocketResponses.swift; sourceTree = "<group>"; };
		012666FA1DE835EF0045EF97 /* ResponseParsers.swift */ = {isa = PBXFileReference; fileEncoding = 4; lastKnownFileType = sourcecode.swift; path = ResponseParsers.swift; sourceTree = "<group>"; };
		012666FC1DE87F900045EF97 /* TicksParser.swift */ = {isa = PBXFileReference; fileEncoding = 4; lastKnownFileType = sourcecode.swift; path = TicksParser.swift; sourceTree = "<group>"; };
		012667001DE890A00045EF97 /* TickCell.swift */ = {isa = PBXFileReference; fileEncoding = 4; lastKnownFileType = sourcecode.swift; name = TickCell.swift; path = ../TickCell.swift; sourceTree = "<group>"; };
		012667021DE8938A0045EF97 /* QuotesController.swift */ = {isa = PBXFileReference; fileEncoding = 4; lastKnownFileType = sourcecode.swift; path = QuotesController.swift; sourceTree = "<group>"; };
		012667041DE89F890045EF97 /* StartupController.swift */ = {isa = PBXFileReference; fileEncoding = 4; lastKnownFileType = sourcecode.swift; path = StartupController.swift; sourceTree = "<group>"; };
		012667081DE8A41E0045EF97 /* SymbolCell.swift */ = {isa = PBXFileReference; fileEncoding = 4; lastKnownFileType = sourcecode.swift; path = SymbolCell.swift; sourceTree = "<group>"; };
/* End PBXFileReference section */

/* Begin PBXFrameworksBuildPhase section */
		012666A11DE767250045EF97 /* Frameworks */ = {
			isa = PBXFrameworksBuildPhase;
			buildActionMask = 2147483647;
			files = (
				012666D61DE769310045EF97 /* Starscream.framework in Frameworks */,
				012666DF1DE7927A0045EF97 /* Unbox.framework in Frameworks */,
			);
			runOnlyForDeploymentPostprocessing = 0;
		};
		012666B51DE767250045EF97 /* Frameworks */ = {
			isa = PBXFrameworksBuildPhase;
			buildActionMask = 2147483647;
			files = (
			);
			runOnlyForDeploymentPostprocessing = 0;
		};
		012666C01DE767250045EF97 /* Frameworks */ = {
			isa = PBXFrameworksBuildPhase;
			buildActionMask = 2147483647;
			files = (
			);
			runOnlyForDeploymentPostprocessing = 0;
		};
/* End PBXFrameworksBuildPhase section */

/* Begin PBXGroup section */
		0126669B1DE767250045EF97 = {
			isa = PBXGroup;
			children = (
				012666DE1DE7927A0045EF97 /* Unbox.framework */,
				012666D51DE769310045EF97 /* Starscream.framework */,
				012666A61DE767250045EF97 /* Quotes */,
				012666BB1DE767250045EF97 /* QuotesTests */,
				012666C61DE767250045EF97 /* QuotesUITests */,
				012666A51DE767250045EF97 /* Products */,
			);
			sourceTree = "<group>";
		};
		012666A51DE767250045EF97 /* Products */ = {
			isa = PBXGroup;
			children = (
				012666A41DE767250045EF97 /* Quotes.app */,
				012666B81DE767250045EF97 /* QuotesTests.xctest */,
				012666C31DE767250045EF97 /* QuotesUITests.xctest */,
			);
			name = Products;
			sourceTree = "<group>";
		};
		012666A61DE767250045EF97 /* Quotes */ = {
			isa = PBXGroup;
			children = (
				012666F01DE8340E0045EF97 /* Services */,
				012666ED1DE833530045EF97 /* Network */,
				012666DB1DE77C230045EF97 /* Models */,
				012667061DE8A3CB0045EF97 /* Controllers */,
				012667071DE8A3EA0045EF97 /* Cells */,
				012666A71DE767250045EF97 /* AppDelegate.swift */,
				012666AB1DE767250045EF97 /* Main.storyboard */,
				012666B01DE767250045EF97 /* LaunchScreen.storyboard */,
				012666AE1DE767250045EF97 /* Assets.xcassets */,
				012666B31DE767250045EF97 /* Info.plist */,
			);
			path = Quotes;
			sourceTree = "<group>";
		};
		012666BB1DE767250045EF97 /* QuotesTests */ = {
			isa = PBXGroup;
			children = (
				012666BC1DE767250045EF97 /* QuotesTests.swift */,
				012666BE1DE767250045EF97 /* Info.plist */,
			);
			path = QuotesTests;
			sourceTree = "<group>";
		};
		012666C61DE767250045EF97 /* QuotesUITests */ = {
			isa = PBXGroup;
			children = (
				012666C71DE767250045EF97 /* QuotesUITests.swift */,
				012666C91DE767250045EF97 /* Info.plist */,
			);
			path = QuotesUITests;
			sourceTree = "<group>";
		};
		012666DB1DE77C230045EF97 /* Models */ = {
			isa = PBXGroup;
			children = (
				012666DC1DE77C4B0045EF97 /* Symbol.swift */,
				012666EE1DE833CE0045EF97 /* Tick.swift */,
			);
			name = Models;
			sourceTree = "<group>";
		};
		012666ED1DE833530045EF97 /* Network */ = {
			isa = PBXGroup;
			children = (
				012666F91DE835CE0045EF97 /* Parsers */,
				012666EB1DE833360045EF97 /* SocketRequests.swift */,
				012666E91DE832900045EF97 /* SocketListener.swift */,
				012666E71DE832420045EF97 /* SocketManager.swift */,
				012666F61DE835070045EF97 /* SocketResponses.swift */,
			);
			name = Network;
			sourceTree = "<group>";
		};
		012666F01DE8340E0045EF97 /* Services */ = {
			isa = PBXGroup;
			children = (
				012666E51DE79E8B0045EF97 /* StartupService.swift */,
				012666E31DE79BCA0045EF97 /* StorageService.swift */,
				012666F31DE834A30045EF97 /* SubscriptionService.swift */,
			);
			name = Services;
			sourceTree = "<group>";
		};
		012666F91DE835CE0045EF97 /* Parsers */ = {
			isa = PBXGroup;
			children = (
				012666FA1DE835EF0045EF97 /* ResponseParsers.swift */,
				012666FC1DE87F900045EF97 /* TicksParser.swift */,
			);
			name = Parsers;
			sourceTree = "<group>";
		};
		012667061DE8A3CB0045EF97 /* Controllers */ = {
			isa = PBXGroup;
			children = (
				012667041DE89F890045EF97 /* StartupController.swift */,
				012667021DE8938A0045EF97 /* QuotesController.swift */,
				012666E11DE798B10045EF97 /* SettingsController.swift */,
			);
			name = Controllers;
			sourceTree = "<group>";
		};
		012667071DE8A3EA0045EF97 /* Cells */ = {
			isa = PBXGroup;
			children = (
				012667001DE890A00045EF97 /* TickCell.swift */,
				012667081DE8A41E0045EF97 /* SymbolCell.swift */,
			);
			name = Cells;
			sourceTree = "<group>";
		};
/* End PBXGroup section */

/* Begin PBXNativeTarget section */
		012666A31DE767250045EF97 /* Quotes */ = {
			isa = PBXNativeTarget;
			buildConfigurationList = 012666CC1DE767250045EF97 /* Build configuration list for PBXNativeTarget "Quotes" */;
			buildPhases = (
				012666A01DE767250045EF97 /* Sources */,
				012666A11DE767250045EF97 /* Frameworks */,
				012666A21DE767250045EF97 /* Resources */,
				012666D81DE769310045EF97 /* Embed Frameworks */,
			);
			buildRules = (
			);
			dependencies = (
			);
			name = Quotes;
			productName = Quotes;
			productReference = 012666A41DE767250045EF97 /* Quotes.app */;
			productType = "com.apple.product-type.application";
		};
		012666B71DE767250045EF97 /* QuotesTests */ = {
			isa = PBXNativeTarget;
			buildConfigurationList = 012666CF1DE767250045EF97 /* Build configuration list for PBXNativeTarget "QuotesTests" */;
			buildPhases = (
				012666B41DE767250045EF97 /* Sources */,
				012666B51DE767250045EF97 /* Frameworks */,
				012666B61DE767250045EF97 /* Resources */,
			);
			buildRules = (
			);
			dependencies = (
				012666BA1DE767250045EF97 /* PBXTargetDependency */,
			);
			name = QuotesTests;
			productName = QuotesTests;
			productReference = 012666B81DE767250045EF97 /* QuotesTests.xctest */;
			productType = "com.apple.product-type.bundle.unit-test";
		};
		012666C21DE767250045EF97 /* QuotesUITests */ = {
			isa = PBXNativeTarget;
			buildConfigurationList = 012666D21DE767250045EF97 /* Build configuration list for PBXNativeTarget "QuotesUITests" */;
			buildPhases = (
				012666BF1DE767250045EF97 /* Sources */,
				012666C01DE767250045EF97 /* Frameworks */,
				012666C11DE767250045EF97 /* Resources */,
			);
			buildRules = (
			);
			dependencies = (
				012666C51DE767250045EF97 /* PBXTargetDependency */,
			);
			name = QuotesUITests;
			productName = QuotesUITests;
			productReference = 012666C31DE767250045EF97 /* QuotesUITests.xctest */;
			productType = "com.apple.product-type.bundle.ui-testing";
		};
/* End PBXNativeTarget section */

/* Begin PBXProject section */
		0126669C1DE767250045EF97 /* Project object */ = {
			isa = PBXProject;
			attributes = {
				LastSwiftUpdateCheck = 0810;
				LastUpgradeCheck = 0810;
				ORGANIZATIONNAME = "Цопин Роман";
				TargetAttributes = {
					012666A31DE767250045EF97 = {
						CreatedOnToolsVersion = 8.1;
						DevelopmentTeam = Z9M6HHT44J;
						ProvisioningStyle = Automatic;
					};
					012666B71DE767250045EF97 = {
						CreatedOnToolsVersion = 8.1;
						ProvisioningStyle = Automatic;
						TestTargetID = 012666A31DE767250045EF97;
					};
					012666C21DE767250045EF97 = {
						CreatedOnToolsVersion = 8.1;
						ProvisioningStyle = Automatic;
						TestTargetID = 012666A31DE767250045EF97;
					};
				};
			};
			buildConfigurationList = 0126669F1DE767250045EF97 /* Build configuration list for PBXProject "Quotes" */;
			compatibilityVersion = "Xcode 3.2";
			developmentRegion = English;
			hasScannedForEncodings = 0;
			knownRegions = (
				en,
				Base,
			);
			mainGroup = 0126669B1DE767250045EF97;
			productRefGroup = 012666A51DE767250045EF97 /* Products */;
			projectDirPath = "";
			projectRoot = "";
			targets = (
				012666A31DE767250045EF97 /* Quotes */,
				012666B71DE767250045EF97 /* QuotesTests */,
				012666C21DE767250045EF97 /* QuotesUITests */,
			);
		};
/* End PBXProject section */

/* Begin PBXResourcesBuildPhase section */
		012666A21DE767250045EF97 /* Resources */ = {
			isa = PBXResourcesBuildPhase;
			buildActionMask = 2147483647;
			files = (
				012666B21DE767250045EF97 /* LaunchScreen.storyboard in Resources */,
				012666AF1DE767250045EF97 /* Assets.xcassets in Resources */,
				012666AD1DE767250045EF97 /* Main.storyboard in Resources */,
			);
			runOnlyForDeploymentPostprocessing = 0;
		};
		012666B61DE767250045EF97 /* Resources */ = {
			isa = PBXResourcesBuildPhase;
			buildActionMask = 2147483647;
			files = (
			);
			runOnlyForDeploymentPostprocessing = 0;
		};
		012666C11DE767250045EF97 /* Resources */ = {
			isa = PBXResourcesBuildPhase;
			buildActionMask = 2147483647;
			files = (
			);
			runOnlyForDeploymentPostprocessing = 0;
		};
/* End PBXResourcesBuildPhase section */

/* Begin PBXSourcesBuildPhase section */
		012666A01DE767250045EF97 /* Sources */ = {
			isa = PBXSourcesBuildPhase;
			buildActionMask = 2147483647;
			files = (
				012666EF1DE833CE0045EF97 /* Tick.swift in Sources */,
				012666F41DE834A30045EF97 /* SubscriptionService.swift in Sources */,
				012666E21DE798B10045EF97 /* SettingsController.swift in Sources */,
				012666EC1DE833360045EF97 /* SocketRequests.swift in Sources */,
				012666FD1DE87F910045EF97 /* TicksParser.swift in Sources */,
				012667031DE8938A0045EF97 /* QuotesController.swift in Sources */,
				012666E81DE832420045EF97 /* SocketManager.swift in Sources */,
				012667051DE89F890045EF97 /* StartupController.swift in Sources */,
				012666DD1DE77C4B0045EF97 /* Symbol.swift in Sources */,
				012666E61DE79E8B0045EF97 /* StartupService.swift in Sources */,
				012667011DE890A00045EF97 /* TickCell.swift in Sources */,
				012666A81DE767250045EF97 /* AppDelegate.swift in Sources */,
				012667091DE8A41E0045EF97 /* SymbolCell.swift in Sources */,
				012666F71DE835070045EF97 /* SocketResponses.swift in Sources */,
				012666FB1DE835EF0045EF97 /* ResponseParsers.swift in Sources */,
				012666E41DE79BCA0045EF97 /* StorageService.swift in Sources */,
				012666EA1DE832900045EF97 /* SocketListener.swift in Sources */,
			);
			runOnlyForDeploymentPostprocessing = 0;
		};
		012666B41DE767250045EF97 /* Sources */ = {
			isa = PBXSourcesBuildPhase;
			buildActionMask = 2147483647;
			files = (
				012666BD1DE767250045EF97 /* QuotesTests.swift in Sources */,
			);
			runOnlyForDeploymentPostprocessing = 0;
		};
		012666BF1DE767250045EF97 /* Sources */ = {
			isa = PBXSourcesBuildPhase;
			buildActionMask = 2147483647;
			files = (
				012666C81DE767250045EF97 /* QuotesUITests.swift in Sources */,
			);
			runOnlyForDeploymentPostprocessing = 0;
		};
/* End PBXSourcesBuildPhase section */

/* Begin PBXTargetDependency section */
		012666BA1DE767250045EF97 /* PBXTargetDependency */ = {
			isa = PBXTargetDependency;
			target = 012666A31DE767250045EF97 /* Quotes */;
			targetProxy = 012666B91DE767250045EF97 /* PBXContainerItemProxy */;
		};
		012666C51DE767250045EF97 /* PBXTargetDependency */ = {
			isa = PBXTargetDependency;
			target = 012666A31DE767250045EF97 /* Quotes */;
			targetProxy = 012666C41DE767250045EF97 /* PBXContainerItemProxy */;
		};
/* End PBXTargetDependency section */

/* Begin PBXVariantGroup section */
		012666AB1DE767250045EF97 /* Main.storyboard */ = {
			isa = PBXVariantGroup;
			children = (
				012666AC1DE767250045EF97 /* Base */,
			);
			name = Main.storyboard;
			sourceTree = "<group>";
		};
		012666B01DE767250045EF97 /* LaunchScreen.storyboard */ = {
			isa = PBXVariantGroup;
			children = (
				012666B11DE767250045EF97 /* Base */,
			);
			name = LaunchScreen.storyboard;
			sourceTree = "<group>";
		};
/* End PBXVariantGroup section */

/* Begin XCBuildConfiguration section */
		012666CA1DE767250045EF97 /* Debug */ = {
			isa = XCBuildConfiguration;
			buildSettings = {
				ALWAYS_SEARCH_USER_PATHS = NO;
				CLANG_ANALYZER_NONNULL = YES;
				CLANG_CXX_LANGUAGE_STANDARD = "gnu++0x";
				CLANG_CXX_LIBRARY = "libc++";
				CLANG_ENABLE_MODULES = YES;
				CLANG_ENABLE_OBJC_ARC = YES;
				CLANG_WARN_BOOL_CONVERSION = YES;
				CLANG_WARN_CONSTANT_CONVERSION = YES;
				CLANG_WARN_DIRECT_OBJC_ISA_USAGE = YES_ERROR;
				CLANG_WARN_DOCUMENTATION_COMMENTS = YES;
				CLANG_WARN_EMPTY_BODY = YES;
				CLANG_WARN_ENUM_CONVERSION = YES;
				CLANG_WARN_INFINITE_RECURSION = YES;
				CLANG_WARN_INT_CONVERSION = YES;
				CLANG_WARN_OBJC_ROOT_CLASS = YES_ERROR;
				CLANG_WARN_SUSPICIOUS_MOVES = YES;
				CLANG_WARN_UNREACHABLE_CODE = YES;
				CLANG_WARN__DUPLICATE_METHOD_MATCH = YES;
				"CODE_SIGN_IDENTITY[sdk=iphoneos*]" = "iPhone Developer";
				COPY_PHASE_STRIP = NO;
				DEBUG_INFORMATION_FORMAT = dwarf;
				ENABLE_STRICT_OBJC_MSGSEND = YES;
				ENABLE_TESTABILITY = YES;
				GCC_C_LANGUAGE_STANDARD = gnu99;
				GCC_DYNAMIC_NO_PIC = NO;
				GCC_NO_COMMON_BLOCKS = YES;
				GCC_OPTIMIZATION_LEVEL = 0;
				GCC_PREPROCESSOR_DEFINITIONS = (
					"DEBUG=1",
					"$(inherited)",
				);
				GCC_WARN_64_TO_32_BIT_CONVERSION = YES;
				GCC_WARN_ABOUT_RETURN_TYPE = YES_ERROR;
				GCC_WARN_UNDECLARED_SELECTOR = YES;
				GCC_WARN_UNINITIALIZED_AUTOS = YES_AGGRESSIVE;
				GCC_WARN_UNUSED_FUNCTION = YES;
				GCC_WARN_UNUSED_VARIABLE = YES;
				IPHONEOS_DEPLOYMENT_TARGET = 10.1;
				MTL_ENABLE_DEBUG_INFO = YES;
				ONLY_ACTIVE_ARCH = YES;
				SDKROOT = iphoneos;
				SWIFT_ACTIVE_COMPILATION_CONDITIONS = DEBUG;
				SWIFT_OPTIMIZATION_LEVEL = "-Onone";
				TARGETED_DEVICE_FAMILY = "1,2";
			};
			name = Debug;
		};
		012666CB1DE767250045EF97 /* Release */ = {
			isa = XCBuildConfiguration;
			buildSettings = {
				ALWAYS_SEARCH_USER_PATHS = NO;
				CLANG_ANALYZER_NONNULL = YES;
				CLANG_CXX_LANGUAGE_STANDARD = "gnu++0x";
				CLANG_CXX_LIBRARY = "libc++";
				CLANG_ENABLE_MODULES = YES;
				CLANG_ENABLE_OBJC_ARC = YES;
				CLANG_WARN_BOOL_CONVERSION = YES;
				CLANG_WARN_CONSTANT_CONVERSION = YES;
				CLANG_WARN_DIRECT_OBJC_ISA_USAGE = YES_ERROR;
				CLANG_WARN_DOCUMENTATION_COMMENTS = YES;
				CLANG_WARN_EMPTY_BODY = YES;
				CLANG_WARN_ENUM_CONVERSION = YES;
				CLANG_WARN_INFINITE_RECURSION = YES;
				CLANG_WARN_INT_CONVERSION = YES;
				CLANG_WARN_OBJC_ROOT_CLASS = YES_ERROR;
				CLANG_WARN_SUSPICIOUS_MOVES = YES;
				CLANG_WARN_UNREACHABLE_CODE = YES;
				CLANG_WARN__DUPLICATE_METHOD_MATCH = YES;
				"CODE_SIGN_IDENTITY[sdk=iphoneos*]" = "iPhone Developer";
				COPY_PHASE_STRIP = NO;
				DEBUG_INFORMATION_FORMAT = "dwarf-with-dsym";
				ENABLE_NS_ASSERTIONS = NO;
				ENABLE_STRICT_OBJC_MSGSEND = YES;
				GCC_C_LANGUAGE_STANDARD = gnu99;
				GCC_NO_COMMON_BLOCKS = YES;
				GCC_WARN_64_TO_32_BIT_CONVERSION = YES;
				GCC_WARN_ABOUT_RETURN_TYPE = YES_ERROR;
				GCC_WARN_UNDECLARED_SELECTOR = YES;
				GCC_WARN_UNINITIALIZED_AUTOS = YES_AGGRESSIVE;
				GCC_WARN_UNUSED_FUNCTION = YES;
				GCC_WARN_UNUSED_VARIABLE = YES;
				IPHONEOS_DEPLOYMENT_TARGET = 10.1;
				MTL_ENABLE_DEBUG_INFO = NO;
				SDKROOT = iphoneos;
				SWIFT_OPTIMIZATION_LEVEL = "-Owholemodule";
				TARGETED_DEVICE_FAMILY = "1,2";
				VALIDATE_PRODUCT = YES;
			};
			name = Release;
		};
		012666CD1DE767250045EF97 /* Debug */ = {
			isa = XCBuildConfiguration;
			buildSettings = {
				ASSETCATALOG_COMPILER_APPICON_NAME = AppIcon;
				DEVELOPMENT_TEAM = Z9M6HHT44J;
				FRAMEWORK_SEARCH_PATHS = (
					"$(inherited)",
					"$(PROJECT_DIR)/Carthage/Build/iOS",
				);
				INFOPLIST_FILE = Quotes/Info.plist;
				IPHONEOS_DEPLOYMENT_TARGET = 9.3;
				LD_RUNPATH_SEARCH_PATHS = "$(inherited) @executable_path/Frameworks";
				PRODUCT_BUNDLE_IDENTIFIER = com.tsopin.Quotes;
				PRODUCT_NAME = "$(TARGET_NAME)";
				SWIFT_VERSION = 3.0;
			};
			name = Debug;
		};
		012666CE1DE767250045EF97 /* Release */ = {
			isa = XCBuildConfiguration;
			buildSettings = {
				ASSETCATALOG_COMPILER_APPICON_NAME = AppIcon;
				DEVELOPMENT_TEAM = Z9M6HHT44J;
				FRAMEWORK_SEARCH_PATHS = (
					"$(inherited)",
					"$(PROJECT_DIR)/Carthage/Build/iOS",
				);
				INFOPLIST_FILE = Quotes/Info.plist;
				IPHONEOS_DEPLOYMENT_TARGET = 9.3;
				LD_RUNPATH_SEARCH_PATHS = "$(inherited) @executable_path/Frameworks";
				PRODUCT_BUNDLE_IDENTIFIER = com.tsopin.Quotes;
				PRODUCT_NAME = "$(TARGET_NAME)";
				SWIFT_VERSION = 3.0;
			};
			name = Release;
		};
		012666D01DE767250045EF97 /* Debug */ = {
			isa = XCBuildConfiguration;
			buildSettings = {
				ALWAYS_EMBED_SWIFT_STANDARD_LIBRARIES = YES;
				BUNDLE_LOADER = "$(TEST_HOST)";
				INFOPLIST_FILE = QuotesTests/Info.plist;
				LD_RUNPATH_SEARCH_PATHS = "$(inherited) @executable_path/Frameworks @loader_path/Frameworks";
				PRODUCT_BUNDLE_IDENTIFIER = com.tsopin.QuotesTests;
				PRODUCT_NAME = "$(TARGET_NAME)";
				SWIFT_VERSION = 3.0;
				TEST_HOST = "$(BUILT_PRODUCTS_DIR)/Quotes.app/Quotes";
			};
			name = Debug;
		};
		012666D11DE767250045EF97 /* Release */ = {
			isa = XCBuildConfiguration;
			buildSettings = {
				ALWAYS_EMBED_SWIFT_STANDARD_LIBRARIES = YES;
				BUNDLE_LOADER = "$(TEST_HOST)";
				INFOPLIST_FILE = QuotesTests/Info.plist;
				LD_RUNPATH_SEARCH_PATHS = "$(inherited) @executable_path/Frameworks @loader_path/Frameworks";
				PRODUCT_BUNDLE_IDENTIFIER = com.tsopin.QuotesTests;
				PRODUCT_NAME = "$(TARGET_NAME)";
				SWIFT_VERSION = 3.0;
				TEST_HOST = "$(BUILT_PRODUCTS_DIR)/Quotes.app/Quotes";
			};
			name = Release;
		};
		012666D31DE767250045EF97 /* Debug */ = {
			isa = XCBuildConfiguration;
			buildSettings = {
				ALWAYS_EMBED_SWIFT_STANDARD_LIBRARIES = YES;
				INFOPLIST_FILE = QuotesUITests/Info.plist;
				LD_RUNPATH_SEARCH_PATHS = "$(inherited) @executable_path/Frameworks @loader_path/Frameworks";
				PRODUCT_BUNDLE_IDENTIFIER = com.tsopin.QuotesUITests;
				PRODUCT_NAME = "$(TARGET_NAME)";
				SWIFT_VERSION = 3.0;
				TEST_TARGET_NAME = Quotes;
			};
			name = Debug;
		};
		012666D41DE767250045EF97 /* Release */ = {
			isa = XCBuildConfiguration;
			buildSettings = {
				ALWAYS_EMBED_SWIFT_STANDARD_LIBRARIES = YES;
				INFOPLIST_FILE = QuotesUITests/Info.plist;
				LD_RUNPATH_SEARCH_PATHS = "$(inherited) @executable_path/Frameworks @loader_path/Frameworks";
				PRODUCT_BUNDLE_IDENTIFIER = com.tsopin.QuotesUITests;
				PRODUCT_NAME = "$(TARGET_NAME)";
				SWIFT_VERSION = 3.0;
				TEST_TARGET_NAME = Quotes;
			};
			name = Release;
		};
/* End XCBuildConfiguration section */

/* Begin XCConfigurationList section */
		0126669F1DE767250045EF97 /* Build configuration list for PBXProject "Quotes" */ = {
			isa = XCConfigurationList;
			buildConfigurations = (
				012666CA1DE767250045EF97 /* Debug */,
				012666CB1DE767250045EF97 /* Release */,
			);
			defaultConfigurationIsVisible = 0;
			defaultConfigurationName = Release;
		};
		012666CC1DE767250045EF97 /* Build configuration list for PBXNativeTarget "Quotes" */ = {
			isa = XCConfigurationList;
			buildConfigurations = (
				012666CD1DE767250045EF97 /* Debug */,
				012666CE1DE767250045EF97 /* Release */,
			);
			defaultConfigurationIsVisible = 0;
			defaultConfigurationName = Release;
		};
		012666CF1DE767250045EF97 /* Build configuration list for PBXNativeTarget "QuotesTests" */ = {
			isa = XCConfigurationList;
			buildConfigurations = (
				012666D01DE767250045EF97 /* Debug */,
				012666D11DE767250045EF97 /* Release */,
			);
			defaultConfigurationIsVisible = 0;
			defaultConfigurationName = Release;
		};
		012666D21DE767250045EF97 /* Build configuration list for PBXNativeTarget "QuotesUITests" */ = {
			isa = XCConfigurationList;
			buildConfigurations = (
				012666D31DE767250045EF97 /* Debug */,
				012666D41DE767250045EF97 /* Release */,
			);
			defaultConfigurationIsVisible = 0;
			defaultConfigurationName = Release;
		};
/* End XCConfigurationList section */
	};
	rootObject = 0126669C1DE767250045EF97 /* Project object */;
}
